
Microsoft Visual Studio Solution File, Format Version 12.00
# Visual Studio Version 16
VisualStudioVersion = 16.0.31313.79
MinimumVisualStudioVersion = 10.0.40219.1
Project("{FAE04EC0-301F-11D3-BF4B-00C04F79EFBC}") = "Mayo282021", "Mayo282021\Mayo282021.csproj", "{133E1B71-136D-446E-BEB3-5BF7C3E66F96}"
EndProject
Global
	GlobalSection(SolutionConfigurationPlatforms) = preSolution
		Debug|Any CPU = Debug|Any CPU
		Release|Any CPU = Release|Any CPU
	EndGlobalSection
	GlobalSection(ProjectConfigurationPlatforms) = postSolution
		{133E1B71-136D-446E-BEB3-5BF7C3E66F96}.Debug|Any CPU.ActiveCfg = Debug|Any CPU
		{133E1B71-136D-446E-BEB3-5BF7C3E66F96}.Debug|Any CPU.Build.0 = Debug|Any CPU
		{133E1B71-136D-446E-BEB3-5BF7C3E66F96}.Release|Any CPU.ActiveCfg = Release|Any CPU
		{133E1B71-136D-446E-BEB3-5BF7C3E66F96}.Release|Any CPU.Build.0 = Release|Any CPU
	EndGlobalSection
	GlobalSection(SolutionProperties) = preSolution
		HideSolutionNode = FALSE
	EndGlobalSection
	GlobalSection(ExtensibilityGlobals) = postSolution
		SolutionGuid = {835E3A3F-6379-4497-9554-E087CABA912F}
	EndGlobalSection
EndGlobal
